
Microsoft Visual Studio Solution File, Format Version 12.00
# Visual Studio Version 17
VisualStudioVersion = 17.1.32328.378
MinimumVisualStudioVersion = 10.0.40219.1
Project("{FAE04EC0-301F-11D3-BF4B-00C04F79EFBC}") = "CBR-converter", "CBR-converter\CBR-converter.csproj", "{6C0026F4-C7B9-4F4A-B0D8-21C2543D6B0C}"
EndProject
Global
	GlobalSection(SolutionConfigurationPlatforms) = preSolution
		Debug|Any CPU = Debug|Any CPU
		Release|Any CPU = Release|Any CPU
	EndGlobalSection
	GlobalSection(ProjectConfigurationPlatforms) = postSolution
		{6C0026F4-C7B9-4F4A-B0D8-21C2543D6B0C}.Debug|Any CPU.ActiveCfg = Debug|Any CPU
		{6C0026F4-C7B9-4F4A-B0D8-21C2543D6B0C}.Debug|Any CPU.Build.0 = Debug|Any CPU
		{6C0026F4-C7B9-4F4A-B0D8-21C2543D6B0C}.Release|Any CPU.ActiveCfg = Release|Any CPU
		{6C0026F4-C7B9-4F4A-B0D8-21C2543D6B0C}.Release|Any CPU.Build.0 = Release|Any CPU
	EndGlobalSection
	GlobalSection(SolutionProperties) = preSolution
		HideSolutionNode = FALSE
	EndGlobalSection
	GlobalSection(ExtensibilityGlobals) = postSolution
		SolutionGuid = {9B226ECD-43D6-42E1-B6B5-1378F3AC9BD6}
	EndGlobalSection
EndGlobal
